{
  "version": 4,
  "terraform_version": "1.10.3",
  "serial": 5,
  "lineage": "69b5e5d9-0532-c921-a317-5b64cc812d65",
  "outputs": {},
  "resources": [
    {
      "mode": "managed",
      "type": "github_repository",
      "name": "git_repo_01",
      "provider": "provider[\"registry.terraform.io/integrations/github\"]",
      "instances": [
        {
          "schema_version": 1,
          "attributes": {
            "allow_auto_merge": false,
            "allow_merge_commit": true,
            "allow_rebase_merge": true,
            "allow_squash_merge": true,
            "allow_update_branch": false,
            "archive_on_destroy": null,
            "archived": false,
            "auto_init": true,
            "default_branch": "main",
            "delete_branch_on_merge": false,
            "description": "Git Action Repo",
            "etag": "W/\"a3bd3944a6c4cf5805288f3da4812172c529a1a9cee2261101a7de758f1fe9ee\"",
            "full_name": "jitendractx/Project-001",
            "git_clone_url": "git://github.com/jitendractx/Project-001.git",
            "gitignore_template": null,
            "has_discussions": false,
            "has_downloads": false,
            "has_issues": false,
            "has_projects": false,
            "has_wiki": false,
            "homepage_url": "",
            "html_url": "https://github.com/jitendractx/Project-001",
            "http_clone_url": "https://github.com/jitendractx/Project-001.git",
            "id": "Project-001",
            "ignore_vulnerability_alerts_during_read": null,
            "is_template": false,
            "license_template": null,
            "merge_commit_message": "PR_TITLE",
            "merge_commit_title": "MERGE_MESSAGE",
            "name": "Project-001",
            "node_id": "R_kgDOObLVTA",
            "pages": [],
            "primary_language": "",
            "private": false,
            "repo_id": 968021324,
            "security_and_analysis": [
              {
                "advanced_security": [],
                "secret_scanning": [
                  {
                    "status": "enabled"
                  }
                ],
                "secret_scanning_push_protection": [
                  {
                    "status": "enabled"
                  }
                ]
              }
            ],
            "squash_merge_commit_message": "COMMIT_MESSAGES",
            "squash_merge_commit_title": "COMMIT_OR_PR_TITLE",
            "ssh_clone_url": "git@github.com:jitendractx/Project-001.git",
            "svn_url": "https://github.com/jitendractx/Project-001",
            "template": [],
            "topics": [],
            "visibility": "public",
            "vulnerability_alerts": false,
            "web_commit_signoff_required": false
          },
          "sensitive_attributes": [],
          "private": "eyJzY2hlbWFfdmVyc2lvbiI6IjEifQ=="
        }
      ]
    }
  ],
  "check_results": null
}
